// !$*UTF8*$!
{
	archiveVersion = 1;
	classes = {
	};
	objectVersion = 56;
	objects = {

/* Begin PBXBuildFile section */
		453DE09829529CB9009B541A /* AllSectionMainView.swift in Sources */ = {isa = PBXBuildFile; fileRef = 453DE09729529CB9009B541A /* AllSectionMainView.swift */; };
		453DE09B29529E8C009B541A /* InboxView.swift in Sources */ = {isa = PBXBuildFile; fileRef = 453DE09A29529E8C009B541A /* InboxView.swift */; };
		453DE09E2952A375009B541A /* Message01.swift in Sources */ = {isa = PBXBuildFile; fileRef = 453DE09D2952A375009B541A /* Message01.swift */; };
		453DE0A02952A8CB009B541A /* Message02.swift in Sources */ = {isa = PBXBuildFile; fileRef = 453DE09F2952A8CB009B541A /* Message02.swift */; };
		453DE0A22952A8E8009B541A /* Message03.swift in Sources */ = {isa = PBXBuildFile; fileRef = 453DE0A12952A8E8009B541A /* Message03.swift */; };
		453DE0A42952A985009B541A /* Message04.swift in Sources */ = {isa = PBXBuildFile; fileRef = 453DE0A32952A985009B541A /* Message04.swift */; };
		4549FBD52953A710008EC79B /* Post1.swift in Sources */ = {isa = PBXBuildFile; fileRef = 4549FBD42953A710008EC79B /* Post1.swift */; };
		4549FBDD2953AC02008EC79B /* PostTemplate.md in Resources */ = {isa = PBXBuildFile; fileRef = 4549FBDC2953AC02008EC79B /* PostTemplate.md */; };
		4549FBE02953AC58008EC79B /* InboxTemplate.md in Resources */ = {isa = PBXBuildFile; fileRef = 4549FBDF2953AC58008EC79B /* InboxTemplate.md */; };
		4577A4452950051D00259D2F /* ReditrApp.swift in Sources */ = {isa = PBXBuildFile; fileRef = 4577A4442950051D00259D2F /* ReditrApp.swift */; };
		4577A4472950051D00259D2F /* ContentView.swift in Sources */ = {isa = PBXBuildFile; fileRef = 4577A4462950051D00259D2F /* ContentView.swift */; };
		4577A4492950051E00259D2F /* Assets.xcassets in Resources */ = {isa = PBXBuildFile; fileRef = 4577A4482950051E00259D2F /* Assets.xcassets */; };
		4577A44C2950051E00259D2F /* Preview Assets.xcassets in Resources */ = {isa = PBXBuildFile; fileRef = 4577A44B2950051E00259D2F /* Preview Assets.xcassets */; };
		4577A4552950060F00259D2F /* Template1.swift in Sources */ = {isa = PBXBuildFile; fileRef = 4577A4542950060F00259D2F /* Template1.swift */; };
/* End PBXBuildFile section */

/* Begin PBXFileReference section */
		453DE09729529CB9009B541A /* AllSectionMainView.swift */ = {isa = PBXFileReference; lastKnownFileType = sourcecode.swift; path = AllSectionMainView.swift; sourceTree = "<group>"; };
		453DE09A29529E8C009B541A /* InboxView.swift */ = {isa = PBXFileReference; lastKnownFileType = sourcecode.swift; path = InboxView.swift; sourceTree = "<group>"; };
		453DE09D2952A375009B541A /* Message01.swift */ = {isa = PBXFileReference; lastKnownFileType = sourcecode.swift; path = Message01.swift; sourceTree = "<group>"; };
		453DE09F2952A8CB009B541A /* Message02.swift */ = {isa = PBXFileReference; lastKnownFileType = sourcecode.swift; path = Message02.swift; sourceTree = "<group>"; };
		453DE0A12952A8E8009B541A /* Message03.swift */ = {isa = PBXFileReference; lastKnownFileType = sourcecode.swift; path = Message03.swift; sourceTree = "<group>"; };
		453DE0A32952A985009B541A /* Message04.swift */ = {isa = PBXFileReference; lastKnownFileType = sourcecode.swift; path = Message04.swift; sourceTree = "<group>"; };
		4549FBD42953A710008EC79B /* Post1.swift */ = {isa = PBXFileReference; lastKnownFileType = sourcecode.swift; path = Post1.swift; sourceTree = "<group>"; };
		4549FBDC2953AC02008EC79B /* PostTemplate.md */ = {isa = PBXFileReference; lastKnownFileType = net.daringfireball.markdown; path = PostTemplate.md; sourceTree = "<group>"; };
		4549FBDF2953AC58008EC79B /* InboxTemplate.md */ = {isa = PBXFileReference; lastKnownFileType = net.daringfireball.markdown; path = InboxTemplate.md; sourceTree = "<group>"; };
		4577A4412950051D00259D2F /* Reditr.app */ = {isa = PBXFileReference; explicitFileType = wrapper.application; includeInIndex = 0; path = Reditr.app; sourceTree = BUILT_PRODUCTS_DIR; };
		4577A4442950051D00259D2F /* ReditrApp.swift */ = {isa = PBXFileReference; lastKnownFileType = sourcecode.swift; path = ReditrApp.swift; sourceTree = "<group>"; };
		4577A4462950051D00259D2F /* ContentView.swift */ = {isa = PBXFileReference; lastKnownFileType = sourcecode.swift; path = ContentView.swift; sourceTree = "<group>"; };
		4577A4482950051E00259D2F /* Assets.xcassets */ = {isa = PBXFileReference; lastKnownFileType = folder.assetcatalog; path = Assets.xcassets; sourceTree = "<group>"; };
		4577A44B2950051E00259D2F /* Preview Assets.xcassets */ = {isa = PBXFileReference; lastKnownFileType = folder.assetcatalog; path = "Preview Assets.xcassets"; sourceTree = "<group>"; };
		4577A4542950060F00259D2F /* Template1.swift */ = {isa = PBXFileReference; lastKnownFileType = sourcecode.swift; path = Template1.swift; sourceTree = "<group>"; };
/* End PBXFileReference section */

/* Begin PBXFrameworksBuildPhase section */
		4577A43E2950051D00259D2F /* Frameworks */ = {
			isa = PBXFrameworksBuildPhase;
			buildActionMask = 2147483647;
			files = (
			);
			runOnlyForDeploymentPostprocessing = 0;
		};
/* End PBXFrameworksBuildPhase section */

/* Begin PBXGroup section */
		453DE09929529E82009B541A /* Inbox */ = {
			isa = PBXGroup;
			children = (
				453DE09C2952A361009B541A /* SubViews */,
				453DE09A29529E8C009B541A /* InboxView.swift */,
			);
			path = Inbox;
			sourceTree = "<group>";
		};
		453DE09C2952A361009B541A /* SubViews */ = {
			isa = PBXGroup;
			children = (
				453DE09D2952A375009B541A /* Message01.swift */,
				453DE09F2952A8CB009B541A /* Message02.swift */,
				453DE0A12952A8E8009B541A /* Message03.swift */,
				453DE0A32952A985009B541A /* Message04.swift */,
			);
			path = SubViews;
			sourceTree = "<group>";
		};
		453DE0A52952AE30009B541A /* Posts */ = {
			isa = PBXGroup;
			children = (
				4549FBD32953A706008EC79B /* UserPosts */,
			);
			path = Posts;
			sourceTree = "<group>";
		};
		4549FBD32953A706008EC79B /* UserPosts */ = {
			isa = PBXGroup;
			children = (
				4549FBD42953A710008EC79B /* Post1.swift */,
			);
			path = UserPosts;
			sourceTree = "<group>";
		};
		4549FBDB2953ABE0008EC79B /* templates */ = {
			isa = PBXGroup;
			children = (
				4549FBDC2953AC02008EC79B /* PostTemplate.md */,
				4549FBDF2953AC58008EC79B /* InboxTemplate.md */,
			);
			path = templates;
			sourceTree = "<group>";
		};
		4549FBDE2953AC29008EC79B /* Data */ = {
			isa = PBXGroup;
			children = (
			);
			path = Data;
			sourceTree = "<group>";
		};
		4577A4382950051C00259D2F = {
			isa = PBXGroup;
			children = (
				4549FBDE2953AC29008EC79B /* Data */,
				4549FBDB2953ABE0008EC79B /* templates */,
				4577A4432950051D00259D2F /* Reditr */,
				4577A4422950051D00259D2F /* Products */,
			);
			sourceTree = "<group>";
		};
		4577A4422950051D00259D2F /* Products */ = {
			isa = PBXGroup;
			children = (
				4577A4412950051D00259D2F /* Reditr.app */,
			);
			name = Products;
			sourceTree = "<group>";
		};
		4577A4432950051D00259D2F /* Reditr */ = {
			isa = PBXGroup;
			children = (
				4577A45829500C1000259D2F /* 2ndTabView */,
				4577A4522950058700259D2F /* Posts */,
				4577A4442950051D00259D2F /* ReditrApp.swift */,
				4577A4462950051D00259D2F /* ContentView.swift */,
				4577A4482950051E00259D2F /* Assets.xcassets */,
				4577A44A2950051E00259D2F /* Preview Content */,
			);
			path = Reditr;
			sourceTree = "<group>";
		};
		4577A44A2950051E00259D2F /* Preview Content */ = {
			isa = PBXGroup;
			children = (
				4577A44B2950051E00259D2F /* Preview Assets.xcassets */,
			);
			path = "Preview Content";
			sourceTree = "<group>";
		};
		4577A4522950058700259D2F /* Posts */ = {
			isa = PBXGroup;
			children = (
				453DE0A52952AE30009B541A /* Posts */,
				4577A4532950060200259D2F /* TemplatePosts */,
			);
			path = Posts;
			sourceTree = "<group>";
		};
		4577A4532950060200259D2F /* TemplatePosts */ = {
			isa = PBXGroup;
			children = (
				4577A4542950060F00259D2F /* Template1.swift */,
			);
			path = TemplatePosts;
			sourceTree = "<group>";
		};
		4577A45829500C1000259D2F /* 2ndTabView */ = {
			isa = PBXGroup;
			children = (
				453DE09929529E82009B541A /* Inbox */,
				45CD548B295299F600A5A1C6 /* AllSelection */,
			);
			path = 2ndTabView;
			sourceTree = "<group>";
		};
		45CD548B295299F600A5A1C6 /* AllSelection */ = {
			isa = PBXGroup;
			children = (
				453DE09729529CB9009B541A /* AllSectionMainView.swift */,
			);
			path = AllSelection;
			sourceTree = "<group>";
		};
/* End PBXGroup section */

/* Begin PBXNativeTarget section */
		4577A4402950051D00259D2F /* Reditr */ = {
			isa = PBXNativeTarget;
			buildConfigurationList = 4577A44F2950051E00259D2F /* Build configuration list for PBXNativeTarget "Reditr" */;
			buildPhases = (
				4577A43D2950051D00259D2F /* Sources */,
				4577A43E2950051D00259D2F /* Frameworks */,
				4577A43F2950051D00259D2F /* Resources */,
			);
			buildRules = (
			);
			dependencies = (
			);
			name = Reditr;
			productName = Reditr;
			productReference = 4577A4412950051D00259D2F /* Reditr.app */;
			productType = "com.apple.product-type.application";
		};
/* End PBXNativeTarget section */

/* Begin PBXProject section */
		4577A4392950051C00259D2F /* Project object */ = {
			isa = PBXProject;
			attributes = {
				BuildIndependentTargetsInParallel = 1;
				LastSwiftUpdateCheck = 1410;
				LastUpgradeCheck = 1410;
				TargetAttributes = {
					4577A4402950051D00259D2F = {
						CreatedOnToolsVersion = 14.1;
					};
				};
			};
			buildConfigurationList = 4577A43C2950051C00259D2F /* Build configuration list for PBXProject "Reditr" */;
			compatibilityVersion = "Xcode 14.0";
			developmentRegion = en;
			hasScannedForEncodings = 0;
			knownRegions = (
				en,
				Base,
			);
			mainGroup = 4577A4382950051C00259D2F;
			productRefGroup = 4577A4422950051D00259D2F /* Products */;
			projectDirPath = "";
			projectRoot = "";
			targets = (
				4577A4402950051D00259D2F /* Reditr */,
			);
		};
/* End PBXProject section */

/* Begin PBXResourcesBuildPhase section */
		4577A43F2950051D00259D2F /* Resources */ = {
			isa = PBXResourcesBuildPhase;
			buildActionMask = 2147483647;
			files = (
				4549FBDD2953AC02008EC79B /* PostTemplate.md in Resources */,
				4549FBE02953AC58008EC79B /* InboxTemplate.md in Resources */,
				4577A44C2950051E00259D2F /* Preview Assets.xcassets in Resources */,
				4577A4492950051E00259D2F /* Assets.xcassets in Resources */,
			);
			runOnlyForDeploymentPostprocessing = 0;
		};
/* End PBXResourcesBuildPhase section */

/* Begin PBXSourcesBuildPhase section */
		4577A43D2950051D00259D2F /* Sources */ = {
			isa = PBXSourcesBuildPhase;
			buildActionMask = 2147483647;
			files = (
				4577A4552950060F00259D2F /* Template1.swift in Sources */,
				453DE09829529CB9009B541A /* AllSectionMainView.swift in Sources */,
				453DE0A42952A985009B541A /* Message04.swift in Sources */,
				453DE0A22952A8E8009B541A /* Message03.swift in Sources */,
				4549FBD52953A710008EC79B /* Post1.swift in Sources */,
				453DE09B29529E8C009B541A /* InboxView.swift in Sources */,
				4577A4472950051D00259D2F /* ContentView.swift in Sources */,
				453DE0A02952A8CB009B541A /* Message02.swift in Sources */,
				453DE09E2952A375009B541A /* Message01.swift in Sources */,
				4577A4452950051D00259D2F /* ReditrApp.swift in Sources */,
			);
			runOnlyForDeploymentPostprocessing = 0;
		};
/* End PBXSourcesBuildPhase section */

/* Begin XCBuildConfiguration section */
		4577A44D2950051E00259D2F /* Debug */ = {
			isa = XCBuildConfiguration;
			buildSettings = {
				ALWAYS_SEARCH_USER_PATHS = NO;
				CLANG_ANALYZER_NONNULL = YES;
				CLANG_ANALYZER_NUMBER_OBJECT_CONVERSION = YES_AGGRESSIVE;
				CLANG_CXX_LANGUAGE_STANDARD = "gnu++20";
				CLANG_ENABLE_MODULES = YES;
				CLANG_ENABLE_OBJC_ARC = YES;
				CLANG_ENABLE_OBJC_WEAK = YES;
				CLANG_WARN_BLOCK_CAPTURE_AUTORELEASING = YES;
				CLANG_WARN_BOOL_CONVERSION = YES;
				CLANG_WARN_COMMA = YES;
				CLANG_WARN_CONSTANT_CONVERSION = YES;
				CLANG_WARN_DEPRECATED_OBJC_IMPLEMENTATIONS = YES;
				CLANG_WARN_DIRECT_OBJC_ISA_USAGE = YES_ERROR;
				CLANG_WARN_DOCUMENTATION_COMMENTS = YES;
				CLANG_WARN_EMPTY_BODY = YES;
				CLANG_WARN_ENUM_CONVERSION = YES;
				CLANG_WARN_INFINITE_RECURSION = YES;
				CLANG_WARN_INT_CONVERSION = YES;
				CLANG_WARN_NON_LITERAL_NULL_CONVERSION = YES;
				CLANG_WARN_OBJC_IMPLICIT_RETAIN_SELF = YES;
				CLANG_WARN_OBJC_LITERAL_CONVERSION = YES;
				CLANG_WARN_OBJC_ROOT_CLASS = YES_ERROR;
				CLANG_WARN_QUOTED_INCLUDE_IN_FRAMEWORK_HEADER = YES;
				CLANG_WARN_RANGE_LOOP_ANALYSIS = YES;
				CLANG_WARN_STRICT_PROTOTYPES = YES;
				CLANG_WARN_SUSPICIOUS_MOVE = YES;
				CLANG_WARN_UNGUARDED_AVAILABILITY = YES_AGGRESSIVE;
				CLANG_WARN_UNREACHABLE_CODE = YES;
				CLANG_WARN__DUPLICATE_METHOD_MATCH = YES;
				COPY_PHASE_STRIP = NO;
				DEBUG_INFORMATION_FORMAT = dwarf;
				ENABLE_STRICT_OBJC_MSGSEND = YES;
				ENABLE_TESTABILITY = YES;
				GCC_C_LANGUAGE_STANDARD = gnu11;
				GCC_DYNAMIC_NO_PIC = NO;
				GCC_NO_COMMON_BLOCKS = YES;
				GCC_OPTIMIZATION_LEVEL = 0;
				GCC_PREPROCESSOR_DEFINITIONS = (
					"DEBUG=1",
					"$(inherited)",
				);
				GCC_WARN_64_TO_32_BIT_CONVERSION = YES;
				GCC_WARN_ABOUT_RETURN_TYPE = YES_ERROR;
				GCC_WARN_UNDECLARED_SELECTOR = YES;
				GCC_WARN_UNINITIALIZED_AUTOS = YES_AGGRESSIVE;
				GCC_WARN_UNUSED_FUNCTION = YES;
				GCC_WARN_UNUSED_VARIABLE = YES;
				IPHONEOS_DEPLOYMENT_TARGET = 16.1;
				MTL_ENABLE_DEBUG_INFO = INCLUDE_SOURCE;
				MTL_FAST_MATH = YES;
				ONLY_ACTIVE_ARCH = YES;
				SDKROOT = iphoneos;
				SWIFT_ACTIVE_COMPILATION_CONDITIONS = DEBUG;
				SWIFT_OPTIMIZATION_LEVEL = "-Onone";
			};
			name = Debug;
		};
		4577A44E2950051E00259D2F /* Release */ = {
			isa = XCBuildConfiguration;
			buildSettings = {
				ALWAYS_SEARCH_USER_PATHS = NO;
				CLANG_ANALYZER_NONNULL = YES;
				CLANG_ANALYZER_NUMBER_OBJECT_CONVERSION = YES_AGGRESSIVE;
				CLANG_CXX_LANGUAGE_STANDARD = "gnu++20";
				CLANG_ENABLE_MODULES = YES;
				CLANG_ENABLE_OBJC_ARC = YES;
				CLANG_ENABLE_OBJC_WEAK = YES;
				CLANG_WARN_BLOCK_CAPTURE_AUTORELEASING = YES;
				CLANG_WARN_BOOL_CONVERSION = YES;
				CLANG_WARN_COMMA = YES;
				CLANG_WARN_CONSTANT_CONVERSION = YES;
				CLANG_WARN_DEPRECATED_OBJC_IMPLEMENTATIONS = YES;
				CLANG_WARN_DIRECT_OBJC_ISA_USAGE = YES_ERROR;
				CLANG_WARN_DOCUMENTATION_COMMENTS = YES;
				CLANG_WARN_EMPTY_BODY = YES;
				CLANG_WARN_ENUM_CONVERSION = YES;
				CLANG_WARN_INFINITE_RECURSION = YES;
				CLANG_WARN_INT_CONVERSION = YES;
				CLANG_WARN_NON_LITERAL_NULL_CONVERSION = YES;
				CLANG_WARN_OBJC_IMPLICIT_RETAIN_SELF = YES;
				CLANG_WARN_OBJC_LITERAL_CONVERSION = YES;
				CLANG_WARN_OBJC_ROOT_CLASS = YES_ERROR;
				CLANG_WARN_QUOTED_INCLUDE_IN_FRAMEWORK_HEADER = YES;
				CLANG_WARN_RANGE_LOOP_ANALYSIS = YES;
				CLANG_WARN_STRICT_PROTOTYPES = YES;
				CLANG_WARN_SUSPICIOUS_MOVE = YES;
				CLANG_WARN_UNGUARDED_AVAILABILITY = YES_AGGRESSIVE;
				CLANG_WARN_UNREACHABLE_CODE = YES;
				CLANG_WARN__DUPLICATE_METHOD_MATCH = YES;
				COPY_PHASE_STRIP = NO;
				DEBUG_INFORMATION_FORMAT = "dwarf-with-dsym";
				ENABLE_NS_ASSERTIONS = NO;
				ENABLE_STRICT_OBJC_MSGSEND = YES;
				GCC_C_LANGUAGE_STANDARD = gnu11;
				GCC_NO_COMMON_BLOCKS = YES;
				GCC_WARN_64_TO_32_BIT_CONVERSION = YES;
				GCC_WARN_ABOUT_RETURN_TYPE = YES_ERROR;
				GCC_WARN_UNDECLARED_SELECTOR = YES;
				GCC_WARN_UNINITIALIZED_AUTOS = YES_AGGRESSIVE;
				GCC_WARN_UNUSED_FUNCTION = YES;
				GCC_WARN_UNUSED_VARIABLE = YES;
				IPHONEOS_DEPLOYMENT_TARGET = 16.1;
				MTL_ENABLE_DEBUG_INFO = NO;
				MTL_FAST_MATH = YES;
				SDKROOT = iphoneos;
				SWIFT_COMPILATION_MODE = wholemodule;
				SWIFT_OPTIMIZATION_LEVEL = "-O";
				VALIDATE_PRODUCT = YES;
			};
			name = Release;
		};
		4577A4502950051E00259D2F /* Debug */ = {
			isa = XCBuildConfiguration;
			buildSettings = {
				ASSETCATALOG_COMPILER_APPICON_NAME = AppIcon;
				ASSETCATALOG_COMPILER_GLOBAL_ACCENT_COLOR_NAME = AccentColor;
				CODE_SIGN_STYLE = Automatic;
				CURRENT_PROJECT_VERSION = 1;
				DEVELOPMENT_ASSET_PATHS = "\"Reditr/Preview Content\"";
				DEVELOPMENT_TEAM = DCJ6266V2N;
				ENABLE_PREVIEWS = YES;
				GENERATE_INFOPLIST_FILE = YES;
				INFOPLIST_KEY_CFBundleDisplayName = Reditr;
				INFOPLIST_KEY_LSApplicationCategoryType = "public.app-category.social-networking";
				INFOPLIST_KEY_UIApplicationSceneManifest_Generation = YES;
				INFOPLIST_KEY_UIApplicationSupportsIndirectInputEvents = YES;
				INFOPLIST_KEY_UILaunchScreen_Generation = YES;
				INFOPLIST_KEY_UILaunchStoryboardName = "";
				INFOPLIST_KEY_UIStatusBarStyle = "";
				INFOPLIST_KEY_UISupportedInterfaceOrientations = UIInterfaceOrientationPortrait;
				INFOPLIST_KEY_UISupportedInterfaceOrientations_iPad = "UIInterfaceOrientationLandscapeLeft UIInterfaceOrientationLandscapeRight UIInterfaceOrientationPortrait";
				IPHONEOS_DEPLOYMENT_TARGET = 16.0;
				LD_RUNPATH_SEARCH_PATHS = (
					"$(inherited)",
					"@executable_path/Frameworks",
				);
				MARKETING_VERSION = 1.0;
				PRODUCT_BUNDLE_IDENTIFIER = "jaycesagvold-icloud.com.Reditr";
				PRODUCT_NAME = "$(TARGET_NAME)";
				SWIFT_EMIT_LOC_STRINGS = YES;
				SWIFT_VERSION = 5.0;
				TARGETED_DEVICE_FAMILY = "1,2";
			};
			name = Debug;
		};
		4577A4512950051E00259D2F /* Release */ = {
			isa = XCBuildConfiguration;
			buildSettings = {
				ASSETCATALOG_COMPILER_APPICON_NAME = AppIcon;
				ASSETCATALOG_COMPILER_GLOBAL_ACCENT_COLOR_NAME = AccentColor;
				CODE_SIGN_STYLE = Automatic;
				CURRENT_PROJECT_VERSION = 1;
				DEVELOPMENT_ASSET_PATHS = "\"Reditr/Preview Content\"";
				DEVELOPMENT_TEAM = DCJ6266V2N;
				ENABLE_PREVIEWS = YES;
				GENERATE_INFOPLIST_FILE = YES;
				INFOPLIST_KEY_CFBundleDisplayName = Reditr;
				INFOPLIST_KEY_LSApplicationCategoryType = "public.app-category.social-networking";
				INFOPLIST_KEY_UIApplicationSceneManifest_Generation = YES;
				INFOPLIST_KEY_UIApplicationSupportsIndirectInputEvents = YES;
				INFOPLIST_KEY_UILaunchScreen_Generation = YES;
				INFOPLIST_KEY_UILaunchStoryboardName = "";
				INFOPLIST_KEY_UIStatusBarStyle = "";
				INFOPLIST_KEY_UISupportedInterfaceOrientations = UIInterfaceOrientationPortrait;
				INFOPLIST_KEY_UISupportedInterfaceOrientations_iPad = "UIInterfaceOrientationLandscapeLeft UIInterfaceOrientationLandscapeRight UIInterfaceOrientationPortrait";
				IPHONEOS_DEPLOYMENT_TARGET = 16.0;
				LD_RUNPATH_SEARCH_PATHS = (
					"$(inherited)",
					"@executable_path/Frameworks",
				);
				MARKETING_VERSION = 1.0;
				PRODUCT_BUNDLE_IDENTIFIER = "jaycesagvold-icloud.com.Reditr";
				PRODUCT_NAME = "$(TARGET_NAME)";
				SWIFT_EMIT_LOC_STRINGS = YES;
				SWIFT_VERSION = 5.0;
				TARGETED_DEVICE_FAMILY = "1,2";
			};
			name = Release;
		};
/* End XCBuildConfiguration section */

/* Begin XCConfigurationList section */
		4577A43C2950051C00259D2F /* Build configuration list for PBXProject "Reditr" */ = {
			isa = XCConfigurationList;
			buildConfigurations = (
				4577A44D2950051E00259D2F /* Debug */,
				4577A44E2950051E00259D2F /* Release */,
			);
			defaultConfigurationIsVisible = 0;
			defaultConfigurationName = Release;
		};
		4577A44F2950051E00259D2F /* Build configuration list for PBXNativeTarget "Reditr" */ = {
			isa = XCConfigurationList;
			buildConfigurations = (
				4577A4502950051E00259D2F /* Debug */,
				4577A4512950051E00259D2F /* Release */,
			);
			defaultConfigurationIsVisible = 0;
			defaultConfigurationName = Release;
		};
/* End XCConfigurationList section */
	};
	rootObject = 4577A4392950051C00259D2F /* Project object */;
}
